github.com/davecgh/go-spew v0.0.0-20160907170601-6d212800a42e h1:PuhFC+IBoXcNHhkaUTRc+kNN0MtTMPFoWWBXyNMw7ww=
github.com/davecgh/go-spew v0.0.0-20160907170601-6d212800a42e/go.mod h1:J7Y8YcW2NihsgmVo/mv3lAwl/skON4iLHjSsI+c5H38=
github.com/fsnotify/fsnotify v0.0.0-20160816051541-f12c6236fe7b h1:lHoxUxMozh/yCASOoFep9dPMva62ztmxKK2VB8//Aoo=
github.com/fsnotify/fsnotify v0.0.0-20160816051541-f12c6236fe7b/go.mod h1:jwhsz4b93w/PPRr/qN1Yymfu8t87LnFCMoQvtojpjFo=
github.com/hashicorp/hcl v0.0.0-20160902165219-99df0eb941dd h1:84QdurP28/GTPuAXatiouvNyhN9dflZY9KtMbatmupI=
github.com/hashicorp/hcl v0.0.0-20160902165219-99df0eb941dd/go.mod h1:oZtUIOe8dh44I2q6ScRibXws4Ajl+d+nod3AaR9vL5w=
github.com/kr/fs v0.0.0-20131111012553-2788f0dbd169 h1:YUrU1/jxRqnt0PSrKj1Uj/wEjk/fjnE80QFfi2Zlj7Q=
github.com/kr/fs v0.0.0-20131111012553-2788f0dbd169/go.mod h1:glhvuHOU9Hy7/8PwwdtnarXqLagOX0b/TbZx2zLMqEg=
github.com/kr/pretty v0.0.0-20160823170715-cfb55aafdaf3 h1:dhwb1Ev84SKKVBfLuhR4bw/29yYHzwtTyTLUWWnvYxI=
github.com/kr/pretty v0.0.0-20160823170715-cfb55aafdaf3/go.mod h1:Bvhd+E3laJ0AVkG0c9rmtZcnhV0HQ3+c3YxxqTvc/gA=
github.com/kr/text v0.0.0-20160504234017-7cafcd837844 h1:kpzneEBeC0dMewP3gr/fADv1OlblH9r1goWVwpOt3TU=
github.com/kr/text v0.0.0-20160504234017-7cafcd837844/go.mod h1:sjUstKUATFIcff4qlB53Kml0wQPtJVc/3fWrmuUmcfA=
github.com/magiconair/properties v0.0.0-20160908093658-0723e352fa35 h1:lKVye3pqP9/O2EuIorT0CivWJM3vMzS63kStsgONluY=
github.com/magiconair/properties v0.0.0-20160908093658-0723e352fa35/go.mod h1:PppfXfuXeibc/6YijjN8zIbojt8czPbwD3XqdrwzmxQ=
github.com/mitchellh/mapstructure v0.0.0-20160808181253-ca63d7c062ee h1:kK7VuFVykgt0LfMSloWYjDOt4TnOcL0AxF0/rDq2VkM=
github.com/mitchellh/mapstructure v0.0.0-20160808181253-ca63d7c062ee/go.mod h1:FVVH3fgwuzCH5S8UJGiWEs2h04kUh9fWfEaFds41c1Y=
github.com/pelletier/go-buffruneio v0.1.0 h1:ig6N9Cg71k/P+UUbhwdOFtJWz+qa8/3by7AzMprMWBM=
github.com/pelletier/go-buffruneio v0.1.0/go.mod h1:JkE26KsDizTr40EUHkXVtNPvgGtbSNq5BcowyYOWdKo=
github.com/pelletier/go-toml v0.0.0-20160906202557-31055c2ff0bb h1:71gxLeWANf91zBbHOiSh9oZnAnjJvS6TdROIMKCxmNg=
github.com/pelletier/go-toml v0.0.0-20160906202557-31055c2ff0bb/go.mod h1:5z9KED0ma1S8pY6P1sdut58dfprrGBbd/94hg7ilaic=
github.com/pkg/errors v0.7.1 h1:0XSZhzhcAUrs2vsv1y5jaxWejlCCgvxI/kBpbRFMZ+o=
github.com/pkg/errors v0.7.1/go.mod h1:bwawxfHBFNV+L2hUp1rHADufV3IMtnDRdf1r5NINEl0=
github.com/pkg/sftp v0.0.0-20160908100035-8197a2e58073 h1:9PqYQCzKEbilrPJl3LDO16HdbA25Yqc3I25aUfgFaCs=
github.com/pkg/sftp v0.0.0-20160908100035-8197a2e58073/go.mod h1:NxmoDg/QLVWluQDUYG7XBZTLUpKeFa8e3aMf1BfjyHk=
github.com/pmezard/go-difflib v1.0.0 h1:4DBwDE0NGyQoBHbLQYPwSUPoCMWR5BEzIk/f1lZbAQM=
github.com/pmezard/go-difflib v1.0.0/go.mod h1:iKH77koFhYxTK1pcRnkKkqfTogsbg7gZNVY4sRDYZ/4=
github.com/spf13/afero v0.0.0-20160821083612-20500e2abd0d h1:sd1qRX4NJPdIHizg+E7cK0kFaJRjwfJFQyUJUguwIak=
github.com/spf13/afero v0.0.0-20160821083612-20500e2abd0d/go.mod h1:j4pytiNVoe2o6bmDsKpLACNPDBIoEAkihy7loJ1B0CQ=
github.com/spf13/cast v0.0.0-20160730092037-e31f36ffc91a h1:tPI5RnYZJhcXj0LhJ9pi7PS7gqOhuFR+4HEKyDz3BnQ=
github.com/spf13/cast v0.0.0-20160730092037-e31f36ffc91a/go.mod h1:r2rcYCSwa1IExKTDiTfzaxqT2FNHs8hODu4LnUfgKEg=
github.com/spf13/jwalterweatherman v0.0.0-20160311093646-33c24e77fb80 h1:evyGXhHMrxKBDkdlSPv9HMWV2o53o+Ibhm28BGc0450=
github.com/spf13/jwalterweatherman v0.0.0-20160311093646-33c24e77fb80/go.mod h1:cQK4TGJAtQXfYWX+Ddv3mKDzgVb68N+wFjFa4jdeBTo=
github.com/spf13/pflag v0.0.0-20160911194638-7b17cc4658ef h1:ipu6dZowKE24iMz94eTcfo3eCbci3rFmHLPiytvO4vc=
github.com/spf13/pflag v0.0.0-20160911194638-7b17cc4658ef/go.mod h1:DYY7MBk1bdzusC3SYhjObp+wFpr4gzcvqqNjLnInEg4=
github.com/spf13/viper v0.0.0-20170217163817-7538d73b4eb9 h1:rtmHchHXFTzHW1ZAnHziYWaTRa37ZzjjcU7xI/t21hk=
github.com/spf13/viper v0.0.0-20170217163817-7538d73b4eb9/go.mod h1:A8kyI5cUJhb8N+3pkfONlcEcZbueH6nhAm0Fq7SrnBM=
github.com/stretchr/testify v0.0.0-20160615092844-d77da356e56a h1:VxiXq5jE8Z1dkOLZxIb+6JaOOok04E8ZWos4rsRSlzw=
github.com/stretchr/testify v0.0.0-20160615092844-d77da356e56a/go.mod h1:a8OnRcib4nhh0OaRAV+Yts87kKdq0PP7pXfy6kDkUVs=
golang.org/x/crypto v0.0.0-20160913211104-119f50887f8f h1:FpKQieGQrpU4cUGLl99NjBl/gjRPADTpB270gZeWSdA=
golang.org/x/crypto v0.0.0-20160913211104-119f50887f8f/go.mod h1:6SG95UA2DQfeDnfUPMdvaQW0Q7yPrPDi9nlGo2tz2b4=
golang.org/x/sys v0.0.0-20160907145946-30de6d19a3bd h1:623bV31oLOV7UxfAiittr+7N1SmYu2sKBBQnm0dFJp4=
golang.org/x/sys v0.0.0-20160907145946-30de6d19a3bd/go.mod h1:STP8DvDyc/dI5b8T5hshtkjS+E42TnysNCUPdjciGhY=
golang.org/x/text v0.0.0-20160914073137-f6f58eac0a9f h1:yrd2uAwdsFN17KSm/SDDAH8KOs0KcyBkxsHxyXMKHdw=
golang.org/x/text v0.0.0-20160914073137-f6f58eac0a9f/go.mod h1:NqM8EUOU14njkJ3fqMW+pc6Ldnwhi/IjpwHt7yyuwOQ=
gopkg.in/Graylog2/go-gelf.v2 v2.0.0-20180326133423-4dbb9d721348 h1:7iDABQS+Bae9EV/FZLAhs9tlbntNnDXyhzvqD4ETNZQ=
gopkg.in/Graylog2/go-gelf.v2 v2.0.0-20180326133423-4dbb9d721348/go.mod h1:CeDeqW4tj9FrgZXF/dQCWZrBdcZWWBenhJtxLH4On2g=
gopkg.in/check.v1 v1.0.0-20180628173108-788fd7840127 h1:qIbj1fsPNlZgppZ+VLlY7N33q108Sa+fhmuc+sWQYwY=
gopkg.in/check.v1 v1.0.0-20180628173108-788fd7840127/go.mod h1:Co6ibVJAznAaIkqp8huTwlJQCZ016jof/cbN4VW5Yz0=
gopkg.in/yaml.v2 v2.0.0-20160912165603-31c299268d30 h1:mNnzt76aN10kG6/XNojKVKR8VDIWvEp4mlj5kyRf6hk=
gopkg.in/yaml.v2 v2.0.0-20160912165603-31c299268d30/go.mod h1:JAlM8MvJe8wmxCU4Bli9HhUf9+ttbYbLASfIpnQbh74=
